
Microsoft Visual Studio Solution File, Format Version 12.00
# Visual Studio 15
VisualStudioVersion = 15.0.27703.2047
MinimumVisualStudioVersion = 10.0.40219.1
Project("{FAE04EC0-301F-11D3-BF4B-00C04F79EFBC}") = "ChainOfResponsibilityPattern1-1", "ChainOfResponsibilityPattern1-1\ChainOfResponsibilityPattern1-1.csproj", "{F6831D09-D8C4-4C44-9402-DA2E41CFC020}"
EndProject
Global
	GlobalSection(SolutionConfigurationPlatforms) = preSolution
		Debug|Any CPU = Debug|Any CPU
		Release|Any CPU = Release|Any CPU
	EndGlobalSection
	GlobalSection(ProjectConfigurationPlatforms) = postSolution
		{F6831D09-D8C4-4C44-9402-DA2E41CFC020}.Debug|Any CPU.ActiveCfg = Debug|Any CPU
		{F6831D09-D8C4-4C44-9402-DA2E41CFC020}.Debug|Any CPU.Build.0 = Debug|Any CPU
		{F6831D09-D8C4-4C44-9402-DA2E41CFC020}.Release|Any CPU.ActiveCfg = Release|Any CPU
		{F6831D09-D8C4-4C44-9402-DA2E41CFC020}.Release|Any CPU.Build.0 = Release|Any CPU
	EndGlobalSection
	GlobalSection(SolutionProperties) = preSolution
		HideSolutionNode = FALSE
	EndGlobalSection
	GlobalSection(ExtensibilityGlobals) = postSolution
		SolutionGuid = {5F2EF7CB-1486-451D-99B0-CDA542AAEFD8}
	EndGlobalSection
EndGlobal
